
Microsoft Visual Studio Solution File, Format Version 12.00
# Visual Studio Version 16
VisualStudioVersion = 16.0.31410.357
MinimumVisualStudioVersion = 10.0.40219.1
Project("{FAE04EC0-301F-11D3-BF4B-00C04F79EFBC}") = "Com.EnuoCms.Core", "Com.EnuoCms.Core\Com.EnuoCms.Core.csproj", "{3891BAC9-CF21-4516-97B8-C5B6FEEF55F8}"
EndProject
Project("{FAE04EC0-301F-11D3-BF4B-00C04F79EFBC}") = "Com.EnuoCms.Model", "Com.EnuoCms.Model\Com.EnuoCms.Model.csproj", "{8931D4AC-4F98-457D-8C51-BF4EA60E277B}"
EndProject
Project("{FAE04EC0-301F-11D3-BF4B-00C04F79EFBC}") = "EnuoSoft.CodeGenerator", "EnuoSoft.CodeGenerator\EnuoSoft.CodeGenerator.csproj", "{DCD38E67-193C-4DBC-96B0-02C3AFFDC657}"
EndProject
Project("{FAE04EC0-301F-11D3-BF4B-00C04F79EFBC}") = "Com.EnuoCms.IService", "Com.EnuoCms.IService\Com.EnuoCms.IService.csproj", "{C7E1ECA2-1516-4B9E-A451-A4C21C43B19F}"
EndProject
Project("{FAE04EC0-301F-11D3-BF4B-00C04F79EFBC}") = "Com.EnuoCms.Service", "Com.EnuoCms.Service\Com.EnuoCms.Service.csproj", "{5CB6A19D-F396-4024-A0AD-0D39D63DF267}"
EndProject
Project("{FAE04EC0-301F-11D3-BF4B-00C04F79EFBC}") = "Com.EnuoCms.Web", "Com.EnuoCms.Web\Com.EnuoCms.Web.csproj", "{C931F1DB-D246-4F00-9BC5-ECA48F90AA73}"
EndProject
Global
	GlobalSection(SolutionConfigurationPlatforms) = preSolution
		Debug|Any CPU = Debug|Any CPU
		Release|Any CPU = Release|Any CPU
	EndGlobalSection
	GlobalSection(ProjectConfigurationPlatforms) = postSolution
		{3891BAC9-CF21-4516-97B8-C5B6FEEF55F8}.Debug|Any CPU.ActiveCfg = Debug|Any CPU
		{3891BAC9-CF21-4516-97B8-C5B6FEEF55F8}.Debug|Any CPU.Build.0 = Debug|Any CPU
		{3891BAC9-CF21-4516-97B8-C5B6FEEF55F8}.Release|Any CPU.ActiveCfg = Release|Any CPU
		{3891BAC9-CF21-4516-97B8-C5B6FEEF55F8}.Release|Any CPU.Build.0 = Release|Any CPU
		{8931D4AC-4F98-457D-8C51-BF4EA60E277B}.Debug|Any CPU.ActiveCfg = Debug|Any CPU
		{8931D4AC-4F98-457D-8C51-BF4EA60E277B}.Debug|Any CPU.Build.0 = Debug|Any CPU
		{8931D4AC-4F98-457D-8C51-BF4EA60E277B}.Release|Any CPU.ActiveCfg = Release|Any CPU
		{8931D4AC-4F98-457D-8C51-BF4EA60E277B}.Release|Any CPU.Build.0 = Release|Any CPU
		{DCD38E67-193C-4DBC-96B0-02C3AFFDC657}.Debug|Any CPU.ActiveCfg = Debug|Any CPU
		{DCD38E67-193C-4DBC-96B0-02C3AFFDC657}.Debug|Any CPU.Build.0 = Debug|Any CPU
		{DCD38E67-193C-4DBC-96B0-02C3AFFDC657}.Release|Any CPU.ActiveCfg = Release|Any CPU
		{DCD38E67-193C-4DBC-96B0-02C3AFFDC657}.Release|Any CPU.Build.0 = Release|Any CPU
		{C7E1ECA2-1516-4B9E-A451-A4C21C43B19F}.Debug|Any CPU.ActiveCfg = Debug|Any CPU
		{C7E1ECA2-1516-4B9E-A451-A4C21C43B19F}.Debug|Any CPU.Build.0 = Debug|Any CPU
		{C7E1ECA2-1516-4B9E-A451-A4C21C43B19F}.Release|Any CPU.ActiveCfg = Release|Any CPU
		{C7E1ECA2-1516-4B9E-A451-A4C21C43B19F}.Release|Any CPU.Build.0 = Release|Any CPU
		{5CB6A19D-F396-4024-A0AD-0D39D63DF267}.Debug|Any CPU.ActiveCfg = Debug|Any CPU
		{5CB6A19D-F396-4024-A0AD-0D39D63DF267}.Debug|Any CPU.Build.0 = Debug|Any CPU
		{5CB6A19D-F396-4024-A0AD-0D39D63DF267}.Release|Any CPU.ActiveCfg = Release|Any CPU
		{5CB6A19D-F396-4024-A0AD-0D39D63DF267}.Release|Any CPU.Build.0 = Release|Any CPU
		{C931F1DB-D246-4F00-9BC5-ECA48F90AA73}.Debug|Any CPU.ActiveCfg = Debug|Any CPU
		{C931F1DB-D246-4F00-9BC5-ECA48F90AA73}.Debug|Any CPU.Build.0 = Debug|Any CPU
		{C931F1DB-D246-4F00-9BC5-ECA48F90AA73}.Release|Any CPU.ActiveCfg = Release|Any CPU
		{C931F1DB-D246-4F00-9BC5-ECA48F90AA73}.Release|Any CPU.Build.0 = Release|Any CPU
	EndGlobalSection
	GlobalSection(SolutionProperties) = preSolution
		HideSolutionNode = FALSE
	EndGlobalSection
	GlobalSection(ExtensibilityGlobals) = postSolution
		SolutionGuid = {F2FBD028-C1C3-40DA-837F-1BC77C3D85D3}
	EndGlobalSection
EndGlobal
